{
  "version": 4,
  "terraform_version": "1.5.5",
  "serial": 9,
  "lineage": "c6683aa8-036d-919d-d479-97df3b6ef957",
  "outputs": {},
  "resources": [
    {
      "mode": "managed",
      "type": "local_file",
      "name": "myteam",
      "provider": "provider[\"registry.terraform.io/hashicorp/local\"]",
      "instances": [
        {
          "schema_version": 0,
          "attributes": {
            "content": "A,B,C,D,E,F,G,H",
            "content_base64": null,
            "content_base64sha256": "EFdgMZhSk6Vy1CadMjzpezXuCIkA6oa6yirk+lwj9j8=",
            "content_base64sha512": "9rzcej8LxqWPAEqKku+IwnFKTT+ZFXr8k1L8QnEFWAkctc4vG1aCSmdTLh5lDNrL6/Qdefgih+e95oClBxxvtw==",
            "content_md5": "940c1e312975d01f4193c86f4e40f5f0",
            "content_sha1": "9f651a8cc49eafb04855ff213868c9739eac5807",
            "content_sha256": "10576031985293a572d4269d323ce97b35ee088900ea86baca2ae4fa5c23f63f",
            "content_sha512": "f6bcdc7a3f0bc6a58f004a8a92ef88c2714a4d3f99157afc9352fc42710558091cb5ce2f1b56824a67532e1e650cdacbebf41d79f82287e7bde680a5071c6fb7",
            "directory_permission": "0777",
            "file_permission": "0777",
            "filename": "players.txt",
            "id": "9f651a8cc49eafb04855ff213868c9739eac5807",
            "sensitive_content": null,
            "source": null
          },
          "sensitive_attributes": []
        }
      ]
    }
  ],
  "check_results": null
}
