{
  "version": 4,
  "terraform_version": "1.5.5",
  "serial": 6,
  "lineage": "c6683aa8-036d-919d-d479-97df3b6ef957",
  "outputs": {},
  "resources": [
    {
      "mode": "managed",
      "type": "local_file",
      "name": "myteam",
      "provider": "provider[\"registry.terraform.io/hashicorp/local\"]",
      "instances": [
        {
          "schema_version": 0,
          "attributes": {
            "content": "A,B,C,D,E",
            "content_base64": null,
            "content_base64sha256": "/yR/E/OwbyxKgGQ65aKUjzs06FVVC0w1isA4Mn2pYWY=",
            "content_base64sha512": "i7GGsLWhN2EVA1xXb/nmkqQWnhoMIu+2mAiaptEnXTR6E5fSttpZBnXFM28d03NHH3EAtkWPmb7cHTCpzlAe6g==",
            "content_md5": "d85195f9b6b7a484db8e77aa06b183de",
            "content_sha1": "5a973e23de80acd555b9454d94bb9b6886fe0534",
            "content_sha256": "ff247f13f3b06f2c4a80643ae5a2948f3b34e855550b4c358ac038327da96166",
            "content_sha512": "8bb186b0b5a1376115035c576ff9e692a4169e1a0c22efb698089aa6d1275d347a1397d2b6da590675c5336f1dd373471f7100b6458f99bedc1d30a9ce501eea",
            "directory_permission": "0777",
            "file_permission": "0777",
            "filename": "players.txt",
            "id": "5a973e23de80acd555b9454d94bb9b6886fe0534",
            "sensitive_content": null,
            "source": null
          },
          "sensitive_attributes": []
        }
      ]
    }
  ],
  "check_results": null
}
